
Microsoft Visual Studio Solution File, Format Version 12.00
# Visual Studio Version 16
VisualStudioVersion = 16.0.31410.357
MinimumVisualStudioVersion = 10.0.40219.1
Project("{9A19103F-16F7-4668-BE54-9A1E7A4F7556}") = "IndianStateCensusAnalyzer", "IndianStateCensusAnalyzer\IndianStateCensusAnalyzer.csproj", "{D914D8F6-E64A-48D2-B2D3-32BE467DD5B8}"
EndProject
Project("{9A19103F-16F7-4668-BE54-9A1E7A4F7556}") = "CensusAnalyzerNunitTest", "CensusAnalyzerNunitTest\CensusAnalyzerNunitTest.csproj", "{FE7E80F3-9D0F-4F94-80B4-17AED53A9500}"
EndProject
Global
	GlobalSection(SolutionConfigurationPlatforms) = preSolution
		Debug|Any CPU = Debug|Any CPU
		Release|Any CPU = Release|Any CPU
	EndGlobalSection
	GlobalSection(ProjectConfigurationPlatforms) = postSolution
		{D914D8F6-E64A-48D2-B2D3-32BE467DD5B8}.Debug|Any CPU.ActiveCfg = Debug|Any CPU
		{D914D8F6-E64A-48D2-B2D3-32BE467DD5B8}.Debug|Any CPU.Build.0 = Debug|Any CPU
		{D914D8F6-E64A-48D2-B2D3-32BE467DD5B8}.Release|Any CPU.ActiveCfg = Release|Any CPU
		{D914D8F6-E64A-48D2-B2D3-32BE467DD5B8}.Release|Any CPU.Build.0 = Release|Any CPU
		{FE7E80F3-9D0F-4F94-80B4-17AED53A9500}.Debug|Any CPU.ActiveCfg = Debug|Any CPU
		{FE7E80F3-9D0F-4F94-80B4-17AED53A9500}.Debug|Any CPU.Build.0 = Debug|Any CPU
		{FE7E80F3-9D0F-4F94-80B4-17AED53A9500}.Release|Any CPU.ActiveCfg = Release|Any CPU
		{FE7E80F3-9D0F-4F94-80B4-17AED53A9500}.Release|Any CPU.Build.0 = Release|Any CPU
	EndGlobalSection
	GlobalSection(SolutionProperties) = preSolution
		HideSolutionNode = FALSE
	EndGlobalSection
	GlobalSection(ExtensibilityGlobals) = postSolution
		SolutionGuid = {C7F2A0B8-2A11-4FB3-ACFF-7C27891EF622}
	EndGlobalSection
EndGlobal
